
Microsoft Visual Studio Solution File, Format Version 12.00
# Visual Studio 14
VisualStudioVersion = 14.0.23107.0
MinimumVisualStudioVersion = 10.0.40219.1
Project("{FAE04EC0-301F-11D3-BF4B-00C04F79EFBC}") = "HelloWorld", "HelloWorld\HelloWorld.csproj", "{DC478137-4CF6-40C7-8B09-8EBD583CDC82}"
EndProject
Project("{FAE04EC0-301F-11D3-BF4B-00C04F79EFBC}") = "HelloWorldUniversal", "HelloWorldUniversal\HelloWorldUniversal.csproj", "{DC3F9DA8-F5BF-41A1-AB1A-D66DCF34F4F9}"
EndProject
Global
	GlobalSection(SolutionConfigurationPlatforms) = preSolution
		Debug|Any CPU = Debug|Any CPU
		Debug|ARM = Debug|ARM
		Debug|x64 = Debug|x64
		Debug|x86 = Debug|x86
		Release|Any CPU = Release|Any CPU
		Release|ARM = Release|ARM
		Release|x64 = Release|x64
		Release|x86 = Release|x86
	EndGlobalSection
	GlobalSection(ProjectConfigurationPlatforms) = postSolution
		{DC478137-4CF6-40C7-8B09-8EBD583CDC82}.Debug|Any CPU.ActiveCfg = Debug|Any CPU
		{DC478137-4CF6-40C7-8B09-8EBD583CDC82}.Debug|Any CPU.Build.0 = Debug|Any CPU
		{DC478137-4CF6-40C7-8B09-8EBD583CDC82}.Debug|ARM.ActiveCfg = Debug|Any CPU
		{DC478137-4CF6-40C7-8B09-8EBD583CDC82}.Debug|ARM.Build.0 = Debug|Any CPU
		{DC478137-4CF6-40C7-8B09-8EBD583CDC82}.Debug|x64.ActiveCfg = Debug|Any CPU
		{DC478137-4CF6-40C7-8B09-8EBD583CDC82}.Debug|x64.Build.0 = Debug|Any CPU
		{DC478137-4CF6-40C7-8B09-8EBD583CDC82}.Debug|x86.ActiveCfg = Debug|x86
		{DC478137-4CF6-40C7-8B09-8EBD583CDC82}.Debug|x86.Build.0 = Debug|x86
		{DC478137-4CF6-40C7-8B09-8EBD583CDC82}.Release|Any CPU.ActiveCfg = Release|Any CPU
		{DC478137-4CF6-40C7-8B09-8EBD583CDC82}.Release|Any CPU.Build.0 = Release|Any CPU
		{DC478137-4CF6-40C7-8B09-8EBD583CDC82}.Release|ARM.ActiveCfg = Release|Any CPU
		{DC478137-4CF6-40C7-8B09-8EBD583CDC82}.Release|ARM.Build.0 = Release|Any CPU
		{DC478137-4CF6-40C7-8B09-8EBD583CDC82}.Release|x64.ActiveCfg = Release|Any CPU
		{DC478137-4CF6-40C7-8B09-8EBD583CDC82}.Release|x64.Build.0 = Release|Any CPU
		{DC478137-4CF6-40C7-8B09-8EBD583CDC82}.Release|x86.ActiveCfg = Release|x86
		{DC478137-4CF6-40C7-8B09-8EBD583CDC82}.Release|x86.Build.0 = Release|x86
		{DC3F9DA8-F5BF-41A1-AB1A-D66DCF34F4F9}.Debug|Any CPU.ActiveCfg = Debug|x64
		{DC3F9DA8-F5BF-41A1-AB1A-D66DCF34F4F9}.Debug|Any CPU.Build.0 = Debug|x64
		{DC3F9DA8-F5BF-41A1-AB1A-D66DCF34F4F9}.Debug|Any CPU.Deploy.0 = Debug|x64
		{DC3F9DA8-F5BF-41A1-AB1A-D66DCF34F4F9}.Debug|ARM.ActiveCfg = Debug|ARM
		{DC3F9DA8-F5BF-41A1-AB1A-D66DCF34F4F9}.Debug|ARM.Build.0 = Debug|ARM
		{DC3F9DA8-F5BF-41A1-AB1A-D66DCF34F4F9}.Debug|ARM.Deploy.0 = Debug|ARM
		{DC3F9DA8-F5BF-41A1-AB1A-D66DCF34F4F9}.Debug|x64.ActiveCfg = Debug|x64
		{DC3F9DA8-F5BF-41A1-AB1A-D66DCF34F4F9}.Debug|x64.Build.0 = Debug|x64
		{DC3F9DA8-F5BF-41A1-AB1A-D66DCF34F4F9}.Debug|x64.Deploy.0 = Debug|x64
		{DC3F9DA8-F5BF-41A1-AB1A-D66DCF34F4F9}.Debug|x86.ActiveCfg = Debug|x86
		{DC3F9DA8-F5BF-41A1-AB1A-D66DCF34F4F9}.Debug|x86.Build.0 = Debug|x86
		{DC3F9DA8-F5BF-41A1-AB1A-D66DCF34F4F9}.Debug|x86.Deploy.0 = Debug|x86
		{DC3F9DA8-F5BF-41A1-AB1A-D66DCF34F4F9}.Release|Any CPU.ActiveCfg = Release|x64
		{DC3F9DA8-F5BF-41A1-AB1A-D66DCF34F4F9}.Release|Any CPU.Build.0 = Release|x64
		{DC3F9DA8-F5BF-41A1-AB1A-D66DCF34F4F9}.Release|Any CPU.Deploy.0 = Release|x64
		{DC3F9DA8-F5BF-41A1-AB1A-D66DCF34F4F9}.Release|ARM.ActiveCfg = Release|ARM
		{DC3F9DA8-F5BF-41A1-AB1A-D66DCF34F4F9}.Release|ARM.Build.0 = Release|ARM
		{DC3F9DA8-F5BF-41A1-AB1A-D66DCF34F4F9}.Release|ARM.Deploy.0 = Release|ARM
		{DC3F9DA8-F5BF-41A1-AB1A-D66DCF34F4F9}.Release|x64.ActiveCfg = Release|x64
		{DC3F9DA8-F5BF-41A1-AB1A-D66DCF34F4F9}.Release|x64.Build.0 = Release|x64
		{DC3F9DA8-F5BF-41A1-AB1A-D66DCF34F4F9}.Release|x64.Deploy.0 = Release|x64
		{DC3F9DA8-F5BF-41A1-AB1A-D66DCF34F4F9}.Release|x86.ActiveCfg = Release|x86
		{DC3F9DA8-F5BF-41A1-AB1A-D66DCF34F4F9}.Release|x86.Build.0 = Release|x86
		{DC3F9DA8-F5BF-41A1-AB1A-D66DCF34F4F9}.Release|x86.Deploy.0 = Release|x86
	EndGlobalSection
	GlobalSection(SolutionProperties) = preSolution
		HideSolutionNode = FALSE
	EndGlobalSection
EndGlobal
